# THIS IS AN AUTOGENERATED FILE. DO NOT EDIT THIS FILE DIRECTLY.
# yarn lockfile v1


"@babel/runtime@^7.18.0", "@babel/runtime@^7.18.3":
  version "7.21.0"
  resolved "https://npm.olymtech.com/nexus/repository/idx-npm/@babel/runtime/-/runtime-7.21.0.tgz#5b55c9d394e5fcf304909a8b00c07dc217b56673"
  integrity sha512-xwII0//EObnq89Ji5AKYQaRYiW/nZ3llSv29d49IuxPhKbtJoLP+9QUUZ4nVragQVtaVGeZrpB+ZtG/Pdy/POw==
  dependencies:
    regenerator-runtime "^0.13.11"

"@floating-ui/core@^1.2.3":
  version "1.2.3"
  resolved "https://npm.olymtech.com/nexus/repository/idx-npm/@floating-ui/core/-/core-1.2.3.tgz#327a2c11e6570b7d64368ad74a3ac12786c9f751"
  integrity sha512-upVRtrNZuYNsw+EoxkiBFRPROnU8UTy/u/dZ9U0W14BlemPYODwhhxYXSR2Y9xOnvr1XtptJRWx7gL8Te1qaog==

"@floating-ui/dom@^1.0.6":
  version "1.2.4"
  resolved "https://npm.olymtech.com/nexus/repository/idx-npm/@floating-ui/dom/-/dom-1.2.4.tgz#e2eb2674f57fc182c425587e48ea43e336f4b8f8"
  integrity sha512-4+k+BLhtWj+peCU60gp0+rHeR8+Ohqx6kjJf/lHMnJ8JD5Qj6jytcq1+SZzRwD7rvHKRhR7TDiWWddrNrfwQLg==
  dependencies:
    "@floating-ui/core" "^1.2.3"

"@rc-component/mini-decimal@^1.0.1":
  version "1.0.1"
  resolved "https://npm.olymtech.com/nexus/repository/idx-npm/@rc-component/mini-decimal/-/mini-decimal-1.0.1.tgz#e5dbc20a6a5b0e234d279bc71ce730ab865d3910"
  integrity sha512-9N8nRk0oKj1qJzANKl+n9eNSMUGsZtjwNuDCiZ/KA+dt1fE3zq5x2XxclRcAbOIXnZcJ53ozP2Pa60gyELXagA==
  dependencies:
    "@babel/runtime" "^7.18.0"

"@react-spring/animated@~9.6.1":
  version "9.6.1"
  resolved "https://npm.olymtech.com/nexus/repository/idx-npm/@react-spring/animated/-/animated-9.6.1.tgz#ccc626d847cbe346f5f8815d0928183c647eb425"
  integrity sha512-ls/rJBrAqiAYozjLo5EPPLLOb1LM0lNVQcXODTC1SMtS6DbuBCPaKco5svFUQFMP2dso3O+qcC4k9FsKc0KxMQ==
  dependencies:
    "@react-spring/shared" "~9.6.1"
    "@react-spring/types" "~9.6.1"

"@react-spring/core@~9.6.1":
  version "9.6.1"
  resolved "https://npm.olymtech.com/nexus/repository/idx-npm/@react-spring/core/-/core-9.6.1.tgz#ebe07c20682b360b06af116ea24e2b609e778c10"
  integrity sha512-3HAAinAyCPessyQNNXe5W0OHzRfa8Yo5P748paPcmMowZ/4sMfaZ2ZB6e5x5khQI8NusOHj8nquoutd6FRY5WQ==
  dependencies:
    "@react-spring/animated" "~9.6.1"
    "@react-spring/rafz" "~9.6.1"
    "@react-spring/shared" "~9.6.1"
    "@react-spring/types" "~9.6.1"

"@react-spring/rafz@~9.6.1":
  version "9.6.1"
  resolved "https://npm.olymtech.com/nexus/repository/idx-npm/@react-spring/rafz/-/rafz-9.6.1.tgz#d71aafb92b78b24e4ff84639f52745afc285c38d"
  integrity sha512-v6qbgNRpztJFFfSE3e2W1Uz+g8KnIBs6SmzCzcVVF61GdGfGOuBrbjIcp+nUz301awVmREKi4eMQb2Ab2gGgyQ==

"@react-spring/shared@~9.6.1":
  version "9.6.1"
  resolved "https://npm.olymtech.com/nexus/repository/idx-npm/@react-spring/shared/-/shared-9.6.1.tgz#4e2e4296910656c02bd9fd54c559702bc836ac4e"
  integrity sha512-PBFBXabxFEuF8enNLkVqMC9h5uLRBo6GQhRMQT/nRTnemVENimgRd+0ZT4yFnAQ0AxWNiJfX3qux+bW2LbG6Bw==
  dependencies:
    "@react-spring/rafz" "~9.6.1"
    "@react-spring/types" "~9.6.1"

"@react-spring/types@~9.6.1":
  version "9.6.1"
  resolved "https://npm.olymtech.com/nexus/repository/idx-npm/@react-spring/types/-/types-9.6.1.tgz#913d3a68c5cbc1124fdb18eff919432f7b6abdde"
  integrity sha512-POu8Mk0hIU3lRXB3bGIGe4VHIwwDsQyoD1F394OK7STTiX9w4dG3cTLljjYswkQN+hDSHRrj4O36kuVa7KPU8Q==

"@react-spring/web@~9.6.0":
  version "9.6.1"
  resolved "https://npm.olymtech.com/nexus/repository/idx-npm/@react-spring/web/-/web-9.6.1.tgz#3e4c03b724d2b545dc2fa2649eb6109318ab9178"
  integrity sha512-X2zR6q2Z+FjsWfGAmAXlQaoUHbPmfuCaXpuM6TcwXPpLE1ZD4A1eys/wpXboFQmDkjnrlTmKvpVna1MjWpZ5Hw==
  dependencies:
    "@react-spring/animated" "~9.6.1"
    "@react-spring/core" "~9.6.1"
    "@react-spring/shared" "~9.6.1"
    "@react-spring/types" "~9.6.1"

"@types/js-cookie@^2.x.x":
  version "2.2.7"
  resolved "https://npm.olymtech.com/nexus/repository/idx-npm/@types/js-cookie/-/js-cookie-2.2.7.tgz#226a9e31680835a6188e887f3988e60c04d3f6a3"
  integrity sha512-aLkWa0C0vO5b4Sr798E26QgOkss68Un0bLjs7u9qxzPT5CG+8DuNTffWES58YzJs3hrVAOs1wonycqEBqNJubA==

"@use-gesture/core@10.2.20":
  version "10.2.20"
  resolved "https://npm.olymtech.com/nexus/repository/idx-npm/@use-gesture/core/-/core-10.2.20.tgz#b29e0aadd5e90336e599d849e50eef0e06aa28bf"
  integrity sha512-4lFhHc8so4yIHkBEs641DnEsBxPyhJ5GEjB4PURFDH4p/FcZriH6w99knZgI63zN/MBFfylMyb8+PDuj6RIXKQ==

"@use-gesture/react@10.2.20":
  version "10.2.20"
  resolved "https://npm.olymtech.com/nexus/repository/idx-npm/@use-gesture/react/-/react-10.2.20.tgz#2d556a62c22200507b9d478ce7159057004acb8d"
  integrity sha512-KnJq9ZSqprWA6uNhWTUHZqTCh+rfa0j8ehTzqeBhktUPrmTj7yVOBvEQ/vSFU/7d72cGgWSsJ0f5T6GQCHXnvg==
  dependencies:
    "@use-gesture/core" "10.2.20"

"@wxcloud/cloud-sdk@^1.0.4":
  version "1.0.4"
  resolved "https://npm.olymtech.com/nexus/repository/idx-npm/@wxcloud/cloud-sdk/-/cloud-sdk-1.0.4.tgz#69e5e6a0a6a89320ce38be42242248fba6987998"
  integrity sha512-NV9exfXFOHFGf05lJrGzeFj4B4nEf13Zll3wMwpMgN5Z14ZmNeCg6Gr1nIOpuky7D0lxygwaUne12s7JGaN8AQ==

ahooks-v3-count@^1.0.0:
  version "1.0.0"
  resolved "https://npm.olymtech.com/nexus/repository/idx-npm/ahooks-v3-count/-/ahooks-v3-count-1.0.0.tgz#ddeb392e009ad6e748905b3cbf63a9fd8262ca80"
  integrity sha512-V7uUvAwnimu6eh/PED4mCDjE7tokeZQLKlxg9lCTMPhN+NjsSbtdacByVlR1oluXQzD3MOw55wylDmQo4+S9ZQ==

ahooks@^3.7.2:
  version "3.7.5"
  resolved "https://npm.olymtech.com/nexus/repository/idx-npm/ahooks/-/ahooks-3.7.5.tgz#fe450bbe1b25edaa5915363583abc32845245a92"
  integrity sha512-RWkJYK5xj9ZXROj9jABRDqdpTBimkY1tlyeJQ8Ci7MAl1sC5xzSzwO20ydk6BjtdbWt56DPCYZhq4lGu3O2Zwg==
  dependencies:
    "@types/js-cookie" "^2.x.x"
    ahooks-v3-count "^1.0.0"
    dayjs "^1.9.1"
    intersection-observer "^0.12.0"
    js-cookie "^2.x.x"
    lodash "^4.17.21"
    resize-observer-polyfill "^1.5.1"
    screenfull "^5.0.0"
    tslib "^2.4.1"

antd-mobile-icons@^0.3.0:
  version "0.3.0"
  resolved "https://npm.olymtech.com/nexus/repository/idx-npm/antd-mobile-icons/-/antd-mobile-icons-0.3.0.tgz#9b29e4588a62370909061f10ff0579aabb0b32a9"
  integrity sha512-rqINQpJWZWrva9moCd1Ye695MZYWmqLPE+bY8d2xLRy7iSQwPsinCdZYjpUPp2zL/LnKYSyXxP2ut2A+DC+whQ==

antd-mobile-v5-count@^1.0.1:
  version "1.0.1"
  resolved "https://npm.olymtech.com/nexus/repository/idx-npm/antd-mobile-v5-count/-/antd-mobile-v5-count-1.0.1.tgz#85f20c46d1635c24e856bcf5ad55e8c98e44a523"
  integrity sha512-YGsiEDCPUDz3SzfXi6gLZn/HpeSMW+jgPc4qiYUr1fSopg3hkUie2TnooJdExgfiETHefH3Ggs58He0OVfegLA==

antd-mobile@^5.28.1:
  version "5.28.1"
  resolved "https://npm.olymtech.com/nexus/repository/idx-npm/antd-mobile/-/antd-mobile-5.28.1.tgz#7169141af735543843d4b0831561d057cdef5876"
  integrity sha512-TFhwLstHig8HoJ34DiBelM2h7md0xn+VR54CVCZfm3nQ+LQEHaHOB6oJRHSMdm67kR8G8MyU618qeF+gK9JKxw==
  dependencies:
    "@floating-ui/dom" "^1.0.6"
    "@rc-component/mini-decimal" "^1.0.1"
    "@react-spring/web" "~9.6.0"
    "@use-gesture/react" "10.2.20"
    ahooks "^3.7.2"
    antd-mobile-icons "^0.3.0"
    antd-mobile-v5-count "^1.0.1"
    classnames "^2.3.2"
    dayjs "^1.11.6"
    lodash "^4.17.21"
    rc-field-form "~1.27.3"
    rc-util "^5.24.8"
    react-is "^17.0.2"
    runes "^0.4.3"
    staged-components "^1.1.3"
    tslib "^2.4.1"
    use-sync-external-store "^1.2.0"

async-validator@^4.1.0:
  version "4.2.5"
  resolved "https://npm.olymtech.com/nexus/repository/idx-npm/async-validator/-/async-validator-4.2.5.tgz#c96ea3332a521699d0afaaceed510a54656c6339"
  integrity sha512-7HhHjtERjqlNbZtqNqy2rckN/SpOOlmDliet+lP7k+eKZEjPk3DgyeU9lIXLdeLz0uBbbVp+9Qdow9wJWgwwfg==

classnames@^2.3.2:
  version "2.3.2"
  resolved "https://npm.olymtech.com/nexus/repository/idx-npm/classnames/-/classnames-2.3.2.tgz#351d813bf0137fcc6a76a16b88208d2560a0d924"
  integrity sha512-CSbhY4cFEJRe6/GQzIk5qXZ4Jeg5pcsP7b5peFSDpffpe1cqjASH/n9UTjBwOp6XpMSTwQ8Za2K5V02ueA7Tmw==

dayjs@^1.11.6, dayjs@^1.9.1:
  version "1.11.7"
  resolved "https://npm.olymtech.com/nexus/repository/idx-npm/dayjs/-/dayjs-1.11.7.tgz#4b296922642f70999544d1144a2c25730fce63e2"
  integrity sha512-+Yw9U6YO5TQohxLcIkrXBeY73WP3ejHWVvx8XCk3gxvQDCTEmS48ZrSZCKciI7Bhl/uCMyxYtE9UqRILmFphkQ==

intersection-observer@^0.12.0:
  version "0.12.2"
  resolved "https://npm.olymtech.com/nexus/repository/idx-npm/intersection-observer/-/intersection-observer-0.12.2.tgz#4a45349cc0cd91916682b1f44c28d7ec737dc375"
  integrity sha512-7m1vEcPCxXYI8HqnL8CKI6siDyD+eIWSwgB3DZA+ZTogxk9I4CDnj4wilt9x/+/QbHI4YG5YZNmC6458/e9Ktg==

js-cookie@^2.x.x:
  version "2.2.1"
  resolved "https://npm.olymtech.com/nexus/repository/idx-npm/js-cookie/-/js-cookie-2.2.1.tgz#69e106dc5d5806894562902aa5baec3744e9b2b8"
  integrity sha512-HvdH2LzI/EAZcUwA8+0nKNtWHqS+ZmijLA30RwZA0bo7ToCckjK5MkGhjED9KoRcXO6BaGI3I9UIzSA1FKFPOQ==

lodash@^4.17.21:
  version "4.17.21"
  resolved "https://npm.olymtech.com/nexus/repository/idx-npm/lodash/-/lodash-4.17.21.tgz#679591c564c3bffaae8454cf0b3df370c3d6911c"
  integrity sha512-v2kDEe57lecTulaDIuNTPy3Ry4gLGJ6Z1O3vE1krgXZNrsQ+LFTGHVxVjcXPs17LhbZVGedAJv8XZ1tvj5FvSg==

rc-field-form@~1.27.3:
  version "1.27.4"
  resolved "https://npm.olymtech.com/nexus/repository/idx-npm/rc-field-form/-/rc-field-form-1.27.4.tgz#53600714af5b28c226c70d34867a8c52ccd64d44"
  integrity sha512-PQColQnZimGKArnOh8V2907+VzDCXcqtFvHgevDLtqWc/P7YASb/FqntSmdS8q3VND5SHX3Y1vgMIzY22/f/0Q==
  dependencies:
    "@babel/runtime" "^7.18.0"
    async-validator "^4.1.0"
    rc-util "^5.8.0"

rc-util@^5.24.8, rc-util@^5.8.0:
  version "5.28.0"
  resolved "https://npm.olymtech.com/nexus/repository/idx-npm/rc-util/-/rc-util-5.28.0.tgz#9e5e441d5875b8bf0ba56c2f295042a28dcff580"
  integrity sha512-KYDjhGodswVj29v0TRciKTqRPgumIFvFDndbCD227pitQ+0Cei196rxk+OXb/blu6V8zdTRK5RjCJn+WmHLvBA==
  dependencies:
    "@babel/runtime" "^7.18.3"
    react-is "^16.12.0"

react-is@^16.12.0:
  version "16.13.1"
  resolved "https://npm.olymtech.com/nexus/repository/idx-npm/react-is/-/react-is-16.13.1.tgz#789729a4dc36de2999dc156dd6c1d9c18cea56a4"
  integrity sha512-24e6ynE2H+OKt4kqsOvNd8kBpV65zoxbA4BVsEOB3ARVWQki/DHzaUoC5KuON/BiccDaCCTZBuOcfZs70kR8bQ==

react-is@^17.0.2:
  version "17.0.2"
  resolved "https://npm.olymtech.com/nexus/repository/idx-npm/react-is/-/react-is-17.0.2.tgz#e691d4a8e9c789365655539ab372762b0efb54f0"
  integrity sha512-w2GsyukL62IJnlaff/nRegPQR94C/XXamvMWmSHRJ4y7Ts/4ocGRmTHvOs8PSE6pB3dWOrD/nueuU5sduBsQ4w==

regenerator-runtime@^0.13.11:
  version "0.13.11"
  resolved "https://npm.olymtech.com/nexus/repository/idx-npm/regenerator-runtime/-/regenerator-runtime-0.13.11.tgz#f6dca3e7ceec20590d07ada785636a90cdca17f9"
  integrity sha512-kY1AZVr2Ra+t+piVaJ4gxaFaReZVH40AKNo7UCX6W+dEwBo/2oZJzqfuN1qLq1oL45o56cPaTXELwrTh8Fpggg==

resize-observer-polyfill@^1.5.1:
  version "1.5.1"
  resolved "https://npm.olymtech.com/nexus/repository/idx-npm/resize-observer-polyfill/-/resize-observer-polyfill-1.5.1.tgz#0e9020dd3d21024458d4ebd27e23e40269810464"
  integrity sha512-LwZrotdHOo12nQuZlHEmtuXdqGoOD0OhaxopaNFxWzInpEgaLWoVuAMbTzixuosCx2nEG58ngzW3vxdWoxIgdg==

runes@^0.4.3:
  version "0.4.3"
  resolved "https://npm.olymtech.com/nexus/repository/idx-npm/runes/-/runes-0.4.3.tgz#32f7738844bc767b65cc68171528e3373c7bb355"
  integrity sha512-K6p9y4ZyL9wPzA+PMDloNQPfoDGTiFYDvdlXznyGKgD10BJpcAosvATKrExRKOrNLgD8E7Um7WGW0lxsnOuNLg==

screenfull@^5.0.0:
  version "5.2.0"
  resolved "https://npm.olymtech.com/nexus/repository/idx-npm/screenfull/-/screenfull-5.2.0.tgz#6533d524d30621fc1283b9692146f3f13a93d1ba"
  integrity sha512-9BakfsO2aUQN2K9Fdbj87RJIEZ82Q9IGim7FqM5OsebfoFC6ZHXgDq/KvniuLTPdeM8wY2o6Dj3WQ7KeQCj3cA==

staged-components@^1.1.3:
  version "1.1.3"
  resolved "https://npm.olymtech.com/nexus/repository/idx-npm/staged-components/-/staged-components-1.1.3.tgz#bb5a396df2d9b48fbc31841a59f53437ed8b8ac6"
  integrity sha512-9EIswzDqjwlEu+ymkV09TTlJfzSbKgEnNteUnZSTxkpMgr5Wx2CzzA9WcMFWBNCldqVPsHVnRGGrApduq2Se5A==

tslib@^2.4.1:
  version "2.5.0"
  resolved "https://npm.olymtech.com/nexus/repository/idx-npm/tslib/-/tslib-2.5.0.tgz#42bfed86f5787aeb41d031866c8f402429e0fddf"
  integrity sha512-336iVw3rtn2BUK7ORdIAHTyxHGRIHVReokCR3XjbckJMK7ms8FysBfhLR8IXnAgy7T0PTPNBWKiH514FOW/WSg==

use-sync-external-store@^1.2.0:
  version "1.2.0"
  resolved "https://npm.olymtech.com/nexus/repository/idx-npm/use-sync-external-store/-/use-sync-external-store-1.2.0.tgz#7dbefd6ef3fe4e767a0cf5d7287aacfb5846928a"
  integrity sha512-eEgnFxGQ1Ife9bzYs6VLi8/4X6CObHMw9Qr9tPY43iKwsPw8xE8+EFsf/2cFZ5S3esXgpWgtSCtLNS41F+sKPA==
